
Microsoft Visual Studio Solution File, Format Version 12.00
# Visual Studio Version 17
VisualStudioVersion = 17.8.34330.188
MinimumVisualStudioVersion = 10.0.40219.1
Project("{9A19103F-16F7-4668-BE54-9A1E7A4F7556}") = "BulkyWeb", "BulkyWeb\BulkyWeb.csproj", "{3F0A663C-A637-4F70-A144-991B6633162A}"
EndProject
Project("{FAE04EC0-301F-11D3-BF4B-00C04F79EFBC}") = "Bulky.DataAccess", "Bulky.DataAcess\Bulky.DataAccess.csproj", "{993EB9BA-BB3F-4085-A9E9-08899D7FBB15}"
EndProject
Project("{FAE04EC0-301F-11D3-BF4B-00C04F79EFBC}") = "Bulky.Models", "Bulky.Models\Bulky.Models.csproj", "{D35ADD02-1BDE-4062-8897-E37C0C76C7A2}"
EndProject
Project("{FAE04EC0-301F-11D3-BF4B-00C04F79EFBC}") = "Bulky.Utility", "Bulky.Utility\Bulky.Utility.csproj", "{E01BF29E-7E38-41A7-B719-1220B0A06CE0}"
EndProject
Global
	GlobalSection(SolutionConfigurationPlatforms) = preSolution
		Debug|Any CPU = Debug|Any CPU
		Release|Any CPU = Release|Any CPU
	EndGlobalSection
	GlobalSection(ProjectConfigurationPlatforms) = postSolution
		{3F0A663C-A637-4F70-A144-991B6633162A}.Debug|Any CPU.ActiveCfg = Debug|Any CPU
		{3F0A663C-A637-4F70-A144-991B6633162A}.Debug|Any CPU.Build.0 = Debug|Any CPU
		{3F0A663C-A637-4F70-A144-991B6633162A}.Release|Any CPU.ActiveCfg = Release|Any CPU
		{3F0A663C-A637-4F70-A144-991B6633162A}.Release|Any CPU.Build.0 = Release|Any CPU
		{993EB9BA-BB3F-4085-A9E9-08899D7FBB15}.Debug|Any CPU.ActiveCfg = Debug|Any CPU
		{993EB9BA-BB3F-4085-A9E9-08899D7FBB15}.Debug|Any CPU.Build.0 = Debug|Any CPU
		{993EB9BA-BB3F-4085-A9E9-08899D7FBB15}.Release|Any CPU.ActiveCfg = Release|Any CPU
		{993EB9BA-BB3F-4085-A9E9-08899D7FBB15}.Release|Any CPU.Build.0 = Release|Any CPU
		{D35ADD02-1BDE-4062-8897-E37C0C76C7A2}.Debug|Any CPU.ActiveCfg = Debug|Any CPU
		{D35ADD02-1BDE-4062-8897-E37C0C76C7A2}.Debug|Any CPU.Build.0 = Debug|Any CPU
		{D35ADD02-1BDE-4062-8897-E37C0C76C7A2}.Release|Any CPU.ActiveCfg = Release|Any CPU
		{D35ADD02-1BDE-4062-8897-E37C0C76C7A2}.Release|Any CPU.Build.0 = Release|Any CPU
		{E01BF29E-7E38-41A7-B719-1220B0A06CE0}.Debug|Any CPU.ActiveCfg = Debug|Any CPU
		{E01BF29E-7E38-41A7-B719-1220B0A06CE0}.Debug|Any CPU.Build.0 = Debug|Any CPU
		{E01BF29E-7E38-41A7-B719-1220B0A06CE0}.Release|Any CPU.ActiveCfg = Release|Any CPU
		{E01BF29E-7E38-41A7-B719-1220B0A06CE0}.Release|Any CPU.Build.0 = Release|Any CPU
	EndGlobalSection
	GlobalSection(SolutionProperties) = preSolution
		HideSolutionNode = FALSE
	EndGlobalSection
	GlobalSection(ExtensibilityGlobals) = postSolution
		SolutionGuid = {9840B73C-0B60-4CFA-B69A-71DCD53C68A4}
	EndGlobalSection
EndGlobal
